
Microsoft Visual Studio Solution File, Format Version 12.00
# Visual Studio 2012
Project("{8BC9CEB8-8B4A-11D0-8D11-00A0C91BC942}") = "TFCore", "TFCore\TFCore.vcxproj", "{A579FCC6-46CB-436D-AB08-06BA3915275C}"
EndProject
Project("{2150E333-8FDC-42A3-9474-1A3956D46DE8}") = "Solution Items", "Solution Items", "{7ECC2D26-A5AD-4FDD-9692-D70F0A749B0F}"
	ProjectSection(SolutionItems) = preProject
		Performance1.psess = Performance1.psess
	EndProjectSection
EndProject
Project("{8BC9CEB8-8B4A-11D0-8D11-00A0C91BC942}") = "TFDemo2", "TFDemo2\TFDemo2.vcxproj", "{2E086E8C-7EA3-4629-8210-123831FD1A54}"
	ProjectSection(ProjectDependencies) = postProject
		{A579FCC6-46CB-436D-AB08-06BA3915275C} = {A579FCC6-46CB-436D-AB08-06BA3915275C}
	EndProjectSection
EndProject
Global
	GlobalSection(SolutionConfigurationPlatforms) = preSolution
		Debug|Win32 = Debug|Win32
		Release|Win32 = Release|Win32
	EndGlobalSection
	GlobalSection(ProjectConfigurationPlatforms) = postSolution
		{A579FCC6-46CB-436D-AB08-06BA3915275C}.Debug|Win32.ActiveCfg = Debug|Win32
		{A579FCC6-46CB-436D-AB08-06BA3915275C}.Debug|Win32.Build.0 = Debug|Win32
		{A579FCC6-46CB-436D-AB08-06BA3915275C}.Release|Win32.ActiveCfg = Release|Win32
		{A579FCC6-46CB-436D-AB08-06BA3915275C}.Release|Win32.Build.0 = Release|Win32
		{2E086E8C-7EA3-4629-8210-123831FD1A54}.Debug|Win32.ActiveCfg = Debug|Win32
		{2E086E8C-7EA3-4629-8210-123831FD1A54}.Debug|Win32.Build.0 = Debug|Win32
		{2E086E8C-7EA3-4629-8210-123831FD1A54}.Release|Win32.ActiveCfg = Release|Win32
		{2E086E8C-7EA3-4629-8210-123831FD1A54}.Release|Win32.Build.0 = Release|Win32
	EndGlobalSection
	GlobalSection(SolutionProperties) = preSolution
		HideSolutionNode = FALSE
	EndGlobalSection
EndGlobal
