<?xml version="1.0" encoding="utf-8"?>
<Project ToolsVersion="4.0" xmlns="http://schemas.microsoft.com/developer/msbuild/2003">
  <ItemGroup>
    <Filter Include="Source Files">
      <UniqueIdentifier>{4FC737F1-C7A5-4376-A066-2A32D752A2FF}</UniqueIdentifier>
      <Extensions>cpp;c;cc;cxx;def;odl;idl;hpj;bat;asm;asmx</Extensions>
    </Filter>
    <Filter Include="Header Files">
      <UniqueIdentifier>{93995380-89BD-4b04-88EB-625FBE52EBFB}</UniqueIdentifier>
      <Extensions>h;hpp;hxx;hm;inl;inc;xsd</Extensions>
    </Filter>
    <Filter Include="Resource Files">
      <UniqueIdentifier>{67DA6AB6-F800-4c08-8B7A-83BB121AAD01}</UniqueIdentifier>
      <Extensions>rc;ico;cur;bmp;dlg;rc2;rct;bin;rgs;gif;jpg;jpeg;jpe;resx;tiff;tif;png;wav;mfcribbon-ms</Extensions>
    </Filter>
    <Filter Include="Shaders">
      <UniqueIdentifier>{c69f2cff-684e-40a5-b1de-b6c2283c8a92}</UniqueIdentifier>
    </Filter>
  </ItemGroup>
  <ItemGroup>
    <Text Include="ReadMe.txt" />
  </ItemGroup>
  <ItemGroup>
    <ClInclude Include="TFCore.h">
      <Filter>Header Files</Filter>
    </ClInclude>
    <ClInclude Include="TFUtils.h">
      <Filter>Header Files</Filter>
    </ClInclude>
    <ClInclude Include="TFCube.h">
      <Filter>Header Files</Filter>
    </ClInclude>
    <ClInclude Include="TFMath.h">
      <Filter>Header Files</Filter>
    </ClInclude>
    <ClInclude Include="TFVertices.h">
      <Filter>Header Files</Filter>
    </ClInclude>
    <ClInclude Include="TFTypes.h">
      <Filter>Header Files</Filter>
    </ClInclude>
    <ClInclude Include="TFInput.h">
      <Filter>Header Files</Filter>
    </ClInclude>
    <ClInclude Include="TFFreeMotionCamera.h">
      <Filter>Header Files</Filter>
    </ClInclude>
    <ClInclude Include="TFTimer.h">
      <Filter>Header Files</Filter>
    </ClInclude>
    <ClInclude Include="TFIRenderable.h">
      <Filter>Header Files</Filter>
    </ClInclude>
    <ClInclude Include="TFShaderManager.h">
      <Filter>Header Files</Filter>
    </ClInclude>
    <ClInclude Include="TFLightManager.h">
      <Filter>Header Files</Filter>
    </ClInclude>
    <ClInclude Include="TFTextManager.h">
      <Filter>Header Files</Filter>
    </ClInclude>
    <ClInclude Include="TFModel.h">
      <Filter>Header Files</Filter>
    </ClInclude>
    <ClInclude Include="TFShadowMap.h">
      <Filter>Header Files</Filter>
    </ClInclude>
    <ClInclude Include="TFTerrain.h">
      <Filter>Header Files</Filter>
    </ClInclude>
    <ClInclude Include="TFGrid.h">
      <Filter>Header Files</Filter>
    </ClInclude>
    <ClInclude Include="TFWaterStill.h">
      <Filter>Header Files</Filter>
    </ClInclude>
    <ClInclude Include="TFReflectionMap.h">
      <Filter>Header Files</Filter>
    </ClInclude>
  </ItemGroup>
  <ItemGroup>
    <ClCompile Include="TFCore.cpp">
      <Filter>Source Files</Filter>
    </ClCompile>
    <ClCompile Include="TFCube.cpp">
      <Filter>Source Files</Filter>
    </ClCompile>
    <ClCompile Include="TFInput.cpp">
      <Filter>Source Files</Filter>
    </ClCompile>
    <ClCompile Include="TFFreeMotionCamera.cpp">
      <Filter>Source Files</Filter>
    </ClCompile>
    <ClCompile Include="TFTimer.cpp">
      <Filter>Source Files</Filter>
    </ClCompile>
    <ClCompile Include="TFIRenderable.cpp">
      <Filter>Source Files</Filter>
    </ClCompile>
    <ClCompile Include="TFShaderManager.cpp">
      <Filter>Source Files</Filter>
    </ClCompile>
    <ClCompile Include="TFLightManager.cpp">
      <Filter>Source Files</Filter>
    </ClCompile>
    <ClCompile Include="TFTextManager.cpp">
      <Filter>Source Files</Filter>
    </ClCompile>
    <ClCompile Include="TFModel.cpp">
      <Filter>Source Files</Filter>
    </ClCompile>
    <ClCompile Include="TFShadowMap.cpp">
      <Filter>Source Files</Filter>
    </ClCompile>
    <ClCompile Include="TFTerrain.cpp">
      <Filter>Source Files</Filter>
    </ClCompile>
    <ClCompile Include="TFGrid.cpp">
      <Filter>Source Files</Filter>
    </ClCompile>
    <ClCompile Include="TFWaterStill.cpp">
      <Filter>Source Files</Filter>
    </ClCompile>
    <ClCompile Include="TFReflectionMap.cpp">
      <Filter>Source Files</Filter>
    </ClCompile>
  </ItemGroup>
  <ItemGroup>
    <FxCompile Include="SkyPS.hlsl">
      <Filter>Shaders</Filter>
    </FxCompile>
    <FxCompile Include="SkyVS.hlsl">
      <Filter>Shaders</Filter>
    </FxCompile>
  </ItemGroup>
  <ItemGroup>
    <None Include="SkyCommon.hlsli">
      <Filter>Shaders</Filter>
    </None>
  </ItemGroup>
</Project>