<?xml version="1.0" encoding="utf-8"?>
<Project ToolsVersion="4.0" xmlns="http://schemas.microsoft.com/developer/msbuild/2003">
  <ItemGroup>
    <Filter Include="Source Files">
      <UniqueIdentifier>{4FC737F1-C7A5-4376-A066-2A32D752A2FF}</UniqueIdentifier>
      <Extensions>cpp;c;cc;cxx;def;odl;idl;hpj;bat;asm;asmx</Extensions>
    </Filter>
    <Filter Include="Header Files">
      <UniqueIdentifier>{93995380-89BD-4b04-88EB-625FBE52EBFB}</UniqueIdentifier>
      <Extensions>h;hpp;hxx;hm;inl;inc;xsd</Extensions>
    </Filter>
    <Filter Include="Resource Files">
      <UniqueIdentifier>{67DA6AB6-F800-4c08-8B7A-83BB121AAD01}</UniqueIdentifier>
      <Extensions>rc;ico;cur;bmp;dlg;rc2;rct;bin;rgs;gif;jpg;jpeg;jpe;resx;tiff;tif;png;wav;mfcribbon-ms</Extensions>
    </Filter>
    <Filter Include="Shaders">
      <UniqueIdentifier>{67cc2fe5-5627-4b1d-9033-9cc7bc82ba84}</UniqueIdentifier>
    </Filter>
    <Filter Include="Shaders\SimpleLightTexture">
      <UniqueIdentifier>{0b9998f1-b885-43c1-9682-ffb324e4d684}</UniqueIdentifier>
    </Filter>
    <Filter Include="Shaders\Sky">
      <UniqueIdentifier>{22894ee0-bb36-49f6-a6ba-a14ba5f0c9fa}</UniqueIdentifier>
    </Filter>
    <Filter Include="Shaders\Shadows">
      <UniqueIdentifier>{4607b2c1-dc06-4c04-8b86-7e850b0ca2ee}</UniqueIdentifier>
    </Filter>
  </ItemGroup>
  <ItemGroup>
    <ClCompile Include="TFDriver.cpp">
      <Filter>Source Files</Filter>
    </ClCompile>
  </ItemGroup>
  <ItemGroup>
    <ClInclude Include="TFDriver.h">
      <Filter>Header Files</Filter>
    </ClInclude>
    <ClInclude Include="SimpleDirLightCommon.hlsli">
      <Filter>Shaders\SimpleLightTexture</Filter>
    </ClInclude>
  </ItemGroup>
  <ItemGroup>
    <FxCompile Include="SimplePosCol.hlsl">
      <Filter>Shaders</Filter>
    </FxCompile>
    <FxCompile Include="SimpleDirLightPS.hlsl">
      <Filter>Shaders\SimpleLightTexture</Filter>
    </FxCompile>
    <FxCompile Include="SimpleDirLightVS.hlsl">
      <Filter>Shaders\SimpleLightTexture</Filter>
    </FxCompile>
    <FxCompile Include="SkyVS.hlsl">
      <Filter>Shaders\Sky</Filter>
    </FxCompile>
    <FxCompile Include="SkyPS.hlsl">
      <Filter>Shaders\Sky</Filter>
    </FxCompile>
    <FxCompile Include="RenderDepthPS.hlsl">
      <Filter>Shaders\Shadows</Filter>
    </FxCompile>
    <FxCompile Include="RenderDepthVS.hlsl">
      <Filter>Shaders\Shadows</Filter>
    </FxCompile>
  </ItemGroup>
  <ItemGroup>
    <None Include="RenderDepthCommon.hlsli">
      <Filter>Shaders\Shadows</Filter>
    </None>
    <None Include="SkyCommon.hlsli">
      <Filter>Shaders\Sky</Filter>
    </None>
  </ItemGroup>
</Project>